
Microsoft Visual Studio Solution File, Format Version 12.00
# Visual Studio Version 16
VisualStudioVersion = 16.0.30011.22
MinimumVisualStudioVersion = 10.0.40219.1
Project("{9A19103F-16F7-4668-BE54-9A1E7A4F7556}") = "WiredBrainCoffee.ShopInfoTool", "WiredBrainCoffee.ShopInfoTool.csproj", "{AA159112-E9C5-4EEC-A29A-3968D89E3677}"
EndProject
Project("{FAE04EC0-301F-11D3-BF4B-00C04F79EFBC}") = "WiredBrainCoffee.DataAccess", "..\WiredBrainCoffee.DataAccess\WiredBrainCoffee.DataAccess.csproj", "{01A6B29D-ED48-4637-AAA0-4CA915D555F1}"
EndProject
Global
	GlobalSection(SolutionConfigurationPlatforms) = preSolution
		Debug|Any CPU = Debug|Any CPU
		Release|Any CPU = Release|Any CPU
	EndGlobalSection
	GlobalSection(ProjectConfigurationPlatforms) = postSolution
		{AA159112-E9C5-4EEC-A29A-3968D89E3677}.Debug|Any CPU.ActiveCfg = Debug|Any CPU
		{AA159112-E9C5-4EEC-A29A-3968D89E3677}.Debug|Any CPU.Build.0 = Debug|Any CPU
		{AA159112-E9C5-4EEC-A29A-3968D89E3677}.Release|Any CPU.ActiveCfg = Release|Any CPU
		{AA159112-E9C5-4EEC-A29A-3968D89E3677}.Release|Any CPU.Build.0 = Release|Any CPU
		{01A6B29D-ED48-4637-AAA0-4CA915D555F1}.Debug|Any CPU.ActiveCfg = Debug|Any CPU
		{01A6B29D-ED48-4637-AAA0-4CA915D555F1}.Debug|Any CPU.Build.0 = Debug|Any CPU
		{01A6B29D-ED48-4637-AAA0-4CA915D555F1}.Release|Any CPU.ActiveCfg = Release|Any CPU
		{01A6B29D-ED48-4637-AAA0-4CA915D555F1}.Release|Any CPU.Build.0 = Release|Any CPU
	EndGlobalSection
	GlobalSection(SolutionProperties) = preSolution
		HideSolutionNode = FALSE
	EndGlobalSection
	GlobalSection(ExtensibilityGlobals) = postSolution
		SolutionGuid = {C08FD412-4B10-4F04-8F10-821CD323319D}
	EndGlobalSection
EndGlobal
